
Microsoft Visual Studio Solution File, Format Version 12.00
# Visual Studio Version 16
VisualStudioVersion = 16.0.32510.428
MinimumVisualStudioVersion = 10.0.40219.1
Project("{FAE04EC0-301F-11D3-BF4B-00C04F79EFBC}") = "ProjectDemoV1", "ProjectDemoV1\ProjectDemoV1.csproj", "{98B13D3D-138A-4B4E-87A2-E90FF671B3FA}"
EndProject
Global
	GlobalSection(SolutionConfigurationPlatforms) = preSolution
		Debug|Any CPU = Debug|Any CPU
		Release|Any CPU = Release|Any CPU
	EndGlobalSection
	GlobalSection(ProjectConfigurationPlatforms) = postSolution
		{98B13D3D-138A-4B4E-87A2-E90FF671B3FA}.Debug|Any CPU.ActiveCfg = Debug|Any CPU
		{98B13D3D-138A-4B4E-87A2-E90FF671B3FA}.Debug|Any CPU.Build.0 = Debug|Any CPU
		{98B13D3D-138A-4B4E-87A2-E90FF671B3FA}.Release|Any CPU.ActiveCfg = Release|Any CPU
		{98B13D3D-138A-4B4E-87A2-E90FF671B3FA}.Release|Any CPU.Build.0 = Release|Any CPU
	EndGlobalSection
	GlobalSection(SolutionProperties) = preSolution
		HideSolutionNode = FALSE
	EndGlobalSection
	GlobalSection(ExtensibilityGlobals) = postSolution
		SolutionGuid = {2D058BCD-704F-472A-87E8-D344BEBA5CE7}
	EndGlobalSection
EndGlobal
